
Microsoft Visual Studio Solution File, Format Version 12.00
# Visual Studio Version 16
VisualStudioVersion = 16.0.29728.190
MinimumVisualStudioVersion = 10.0.40219.1
Project("{FAE04EC0-301F-11D3-BF4B-00C04F79EFBC}") = "GeneralTools", "GeneralTools\GeneralTools.csproj", "{29E89264-50AC-4F5D-AE3C-51122FD21EE5}"
EndProject
Project("{2150E333-8FDC-42A3-9474-1A3956D46DE8}") = "Solution Items", "Solution Items", "{EAAB8FDC-5399-4836-B3ED-14BE011BC05F}"
EndProject
Global
	GlobalSection(SolutionConfigurationPlatforms) = preSolution
		Debug|Any CPU = Debug|Any CPU
		Release|Any CPU = Release|Any CPU
	EndGlobalSection
	GlobalSection(ProjectConfigurationPlatforms) = postSolution
		{29E89264-50AC-4F5D-AE3C-51122FD21EE5}.Debug|Any CPU.ActiveCfg = Debug|Any CPU
		{29E89264-50AC-4F5D-AE3C-51122FD21EE5}.Debug|Any CPU.Build.0 = Debug|Any CPU
		{29E89264-50AC-4F5D-AE3C-51122FD21EE5}.Release|Any CPU.ActiveCfg = Release|Any CPU
		{29E89264-50AC-4F5D-AE3C-51122FD21EE5}.Release|Any CPU.Build.0 = Release|Any CPU
	EndGlobalSection
	GlobalSection(SolutionProperties) = preSolution
		HideSolutionNode = FALSE
	EndGlobalSection
	GlobalSection(ExtensibilityGlobals) = postSolution
		SolutionGuid = {67143209-EF59-4094-BD75-C502D6A3A60C}
	EndGlobalSection
EndGlobal
